version: 7
platforms:
- name: linux-64
  virtual-packages:
  - __unix=0=0
  - __linux=4.18
  - __glibc=2.28
  - __archspec=0=x86_64
environments:
  default:
    channels:
    - url: https://conda.anaconda.org/conda-forge/
    indexes:
    - https://pypi.org/simple
    packages:
      linux-64:
      - conda: https://conda.anaconda.org/conda-forge/linux-64/_openmp_mutex-4.5-20_gnu.conda
      - conda: https://conda.anaconda.org/conda-forge/linux-64/bzip2-1.0.8-hda65f42_9.conda
      - conda: https://conda.anaconda.org/conda-forge/linux-64/ld_impl_linux-64-2.45.1-default_hbd61a6d_102.conda
      - conda: https://conda.anaconda.org/conda-forge/linux-64/libexpat-2.8.5-hd2095e1_0.conda
      - conda: https://conda.anaconda.org/conda-forge/linux-64/libffi-3.7.0-h81df57d_1.conda
      - conda: https://conda.anaconda.org/conda-forge/linux-64/libgcc-15.2.0-he0feb66_19.conda
      - conda: https://conda.anaconda.org/conda-forge/linux-64/libgomp-15.2.0-he0feb66_19.conda
      - conda: https://conda.anaconda.org/conda-forge/linux-64/liblzma-5.8.3-hb03c661_0.conda
      - conda: https://conda.anaconda.org/conda-forge/linux-64/libmpdec-4.0.0-hb03c661_1.conda
      - conda: https://conda.anaconda.org/conda-forge/linux-64/libpython-3.14.7-hdc7f604_106_cp314.conda
      - conda: https://conda.anaconda.org/conda-forge/linux-64/libsqlite-3.53.4-h0737f62_102.conda
      - conda: https://conda.anaconda.org/conda-forge/linux-64/libstdcxx-15.2.0-h934c35e_19.conda
      - conda: https://conda.anaconda.org/conda-forge/linux-64/libuuid-2.42.4-hcfc3c73_0.conda
      - conda: https://conda.anaconda.org/conda-forge/linux-64/libzlib-1.3.2-h25fd6f3_2.conda
      - conda: https://conda.anaconda.org/conda-forge/linux-64/ncurses-6.6-hdb14827_0.conda
      - conda: https://conda.anaconda.org/conda-forge/linux-64/openssl-3.6.2-h35e630c_0.conda
      - conda: https://conda.anaconda.org/conda-forge/linux-64/python-3.14.7-hcd007b5_106_cp314.conda
      - conda: https://conda.anaconda.org/conda-forge/linux-64/readline-8.3-h853b02a_0.conda
      - conda: https://conda.anaconda.org/conda-forge/linux-64/tk-8.6.13-noxft_h366c992_103.conda
      - conda: https://conda.anaconda.org/conda-forge/linux-64/zstd-1.5.7-hb78ec9c_6.conda
      - conda: https://conda.anaconda.org/conda-forge/noarch/ca-certificates-2026.4.22-hbd8a1cb_0.conda
      - conda: https://conda.anaconda.org/conda-forge/noarch/python_abi-3.14-8_cp314.conda
      - conda: https://conda.anaconda.org/conda-forge/noarch/tzdata-2025c-hc9c84f9_1.conda
      - pypi: ./
  dev:
    channels:
    - url: https://conda.anaconda.org/conda-forge/
    indexes:
    - https://pypi.org/simple
    packages:
      linux-64:
      - conda: https://conda.anaconda.org/conda-forge/linux-64/_openmp_mutex-4.5-20_gnu.conda
      - conda: https://conda.anaconda.org/conda-forge/linux-64/ast-serialize-0.12.1-py311hf77984d_0.conda
      - conda: https://conda.anaconda.org/conda-forge/linux-64/bzip2-1.0.8-hda65f42_9.conda
      - conda: https://conda.anaconda.org/conda-forge/linux-64/ld_impl_linux-64-2.45.1-default_hbd61a6d_102.conda
      - conda: https://conda.anaconda.org/conda-forge/linux-64/libexpat-2.8.5-hd2095e1_0.conda
      - conda: https://conda.anaconda.org/conda-forge/linux-64/libffi-3.7.0-h81df57d_1.conda
      - conda: https://conda.anaconda.org/conda-forge/linux-64/libgcc-15.2.0-he0feb66_19.conda
      - conda: https://conda.anaconda.org/conda-forge/linux-64/libgomp-15.2.0-he0feb66_19.conda
      - conda: https://conda.anaconda.org/conda-forge/linux-64/liblzma-5.8.3-hb03c661_0.conda
      - conda: https://conda.anaconda.org/conda-forge/linux-64/libmpdec-4.0.0-hb03c661_1.conda
      - conda: https://conda.anaconda.org/conda-forge/linux-64/libpython-3.14.7-hdc7f604_106_cp314.conda
      - conda: https://conda.anaconda.org/conda-forge/linux-64/libsqlite-3.53.4-h0737f62_102.conda
      - conda: https://conda.anaconda.org/conda-forge/linux-64/libstdcxx-15.2.0-h934c35e_19.conda
      - conda: https://conda.anaconda.org/conda-forge/linux-64/libuuid-2.42.4-hcfc3c73_0.conda
      - conda: https://conda.anaconda.org/conda-forge/linux-64/libzlib-1.3.2-h25fd6f3_2.conda
      - conda: https://conda.anaconda.org/conda-forge/linux-64/mypy-2.4.0-py314hfe1a184_0.conda
      - conda: https://conda.anaconda.org/conda-forge/linux-64/ncurses-6.6-hdb14827_0.conda
      - conda: https://conda.anaconda.org/conda-forge/linux-64/openssl-3.6.2-h35e630c_0.conda
      - conda: https://conda.anaconda.org/conda-forge/linux-64/psutil-7.2.2-py314hfe1a184_3.conda
      - conda: https://conda.anaconda.org/conda-forge/linux-64/python-3.14.7-hcd007b5_106_cp314.conda
      - conda: https://conda.anaconda.org/conda-forge/linux-64/python-librt-0.16.0-py314hfe1a184_0.conda
      - conda: https://conda.anaconda.org/conda-forge/linux-64/readline-8.3-h853b02a_0.conda
      - conda: https://conda.anaconda.org/conda-forge/linux-64/ruff-0.16.10-hc0d6792_0.conda
      - conda: https://conda.anaconda.org/conda-forge/linux-64/tk-8.6.13-noxft_h366c992_103.conda
      - conda: https://conda.anaconda.org/conda-forge/linux-64/zstd-1.5.7-hb78ec9c_6.conda
      - conda: https://conda.anaconda.org/conda-forge/noarch/_python_abi3_support-1.0-hd8ed1ab_3.conda
      - conda: https://conda.anaconda.org/conda-forge/noarch/ca-certificates-2026.4.22-hbd8a1cb_0.conda
      - conda: https://conda.anaconda.org/conda-forge/noarch/colorama-0.4.6-pyhd8ed1ab_1.conda
      - conda: https://conda.anaconda.org/conda-forge/noarch/cpython-3.14.7-py314hd8ed1ab_106.conda
      - conda: https://conda.anaconda.org/conda-forge/noarch/exceptiongroup-1.3.1-pyhd8ed1ab_0.conda
      - conda: https://conda.anaconda.org/conda-forge/noarch/iniconfig-2.3.0-pyhd8ed1ab_0.conda
      - conda: https://conda.anaconda.org/conda-forge/noarch/mypy_extensions-1.1.0-pyha770c72_0.conda
      - conda: https://conda.anaconda.org/conda-forge/noarch/packaging-26.2-pyhc364b38_0.conda
      - conda: https://conda.anaconda.org/conda-forge/noarch/pathspec-1.1.1-pyhd8ed1ab_0.conda
      - conda: https://conda.anaconda.org/conda-forge/noarch/pluggy-1.6.0-pyhf9edf01_1.conda
      - conda: https://conda.anaconda.org/conda-forge/noarch/pygments-2.20.0-pyhd8ed1ab_0.conda
      - conda: https://conda.anaconda.org/conda-forge/noarch/pytest-9.1.1-pyhc364b38_2.conda
      - conda: https://conda.anaconda.org/conda-forge/noarch/python-gil-3.14.7-h4df99d1_106.conda
      - conda: https://conda.anaconda.org/conda-forge/noarch/python_abi-3.14-9_cp314.conda
      - conda: https://conda.anaconda.org/conda-forge/noarch/tomli-2.4.1-pyhcf101f3_0.conda
      - conda: https://conda.anaconda.org/conda-forge/noarch/typing_extensions-4.15.0-pyhcf101f3_0.conda
      - conda: https://conda.anaconda.org/conda-forge/noarch/tzdata-2025c-hc9c84f9_1.conda
      - pypi: ./
packages:
- conda: https://conda.anaconda.org/conda-forge/linux-64/_openmp_mutex-4.5-20_gnu.conda
  build_number: 20
  sha256: 1dd3fffd892081df9726d7eb7e0dea6198962ba775bd88842135a4ddb4deb3c9
  md5: a9f577daf3de00bca7c3c76c0ecbd1de
  depends:
  - __glibc >=2.17,<3.0.a0
  - libgomp >=7.5.0
  constrains:
  - openmp_impl <0.0a0
  license: BSD-3-Clause
  license_family: BSD
  purls: []
  size: 28948
  timestamp: 1770939786096
- conda: https://conda.anaconda.org/conda-forge/linux-64/ast-serialize-0.12.1-py311hf77984d_0.conda
  noarch: python
  sha256: 4c9212bd3446e8b6bb2ce22cc2a47ce8f5b3c6414141325db995b88265ee0e12
  md5: 378c56d6a4ecd84c0ee6742f78a75737
  depends:
  - python >=3.11
  - __glibc >=2.17,<3.0.a0
  - libgcc >=15
  - _python_abi3_support 1.*
  - cpython >=3.11
  constrains:
  - __glibc >=2.17
  license: MIT
  license_family: MIT
  purls:
  - pkg:pypi/ast-serialize?source=compressed-mapping
  run_exports: {}
  size: 1153944
  timestamp: 1791121762897
- conda: https://conda.anaconda.org/conda-forge/linux-64/bzip2-1.0.8-hda65f42_9.conda
  sha256: 0b75d45f0bba3e95dc693336fa51f40ea28c980131fec438afb7ce6118ed05f6
  md5: d2ffd7602c02f2b316fd921d39876885
  depends:
  - __glibc >=2.17,<3.0.a0
  - libgcc >=14
  license: bzip2-1.0.6
  license_family: BSD
  purls: []
  size: 260182
  timestamp: 1771350215188
- conda: https://conda.anaconda.org/conda-forge/linux-64/ld_impl_linux-64-2.45.1-default_hbd61a6d_102.conda
  sha256: 3d584956604909ff5df353767f3a2a2f60e07d070b328d109f30ac40cd62df6c
  md5: 18335a698559cdbcd86150a48bf54ba6
  depends:
  - __glibc >=2.17,<3.0.a0
  - zstd >=1.5.7,<1.6.0a0
  constrains:
  - binutils_impl_linux-64 2.45.1
  license: GPL-3.0-only
  license_family: GPL
  purls: []
  size: 728002
  timestamp: 1774197446916
- conda: https://conda.anaconda.org/conda-forge/linux-64/libexpat-2.8.5-hd2095e1_0.conda
  sha256: 6de73033a7c5f712c9c5a54124e4581e025691029835e5bceaf10a333a7e7bc0
  md5: 72cfd2b95b0540247220b42f58a148d7
  depends:
  - __glibc >=2.17,<3.0.a0
  - libgcc >=15
  constrains:
  - expat 2.8.5.*
  license: MIT
  license_family: MIT
  purls: []
  run_exports: {}
  size: 77893
  timestamp: 1790346247149
- conda: https://conda.anaconda.org/conda-forge/linux-64/libffi-3.7.0-h81df57d_1.conda
  sha256: c8c7583ef063bc3c430f1d48298e5ad24f796a35c22ed5b14183325825a61106
  md5: 6525a0b06aa4fd390795f0740636a9dd
  depends:
  - __glibc >=2.17,<3.0.a0
  - libgcc >=15
  license: MIT
  license_family: MIT
  purls: []
  run_exports:
    weak:
    - libffi >=3.7.0,<3.8.0a0
  size: 68004
  timestamp: 1787753412298
- conda: https://conda.anaconda.org/conda-forge/linux-64/libgcc-15.2.0-he0feb66_19.conda
  sha256: 8e0a3b5e41272e5678499b5dfc4cddb673f9e935de01eb0767ce857001229f46
  md5: 57736f29cc2b0ec0b6c2952d3f101b6a
  depends:
  - __glibc >=2.17,<3.0.a0
  - _openmp_mutex >=4.5
  constrains:
  - libgcc-ng ==15.2.0=*_19
  - libgomp 15.2.0 he0feb66_19
  license: GPL-3.0-only WITH GCC-exception-3.1
  license_family: GPL
  purls: []
  size: 1041084
  timestamp: 1778269013026
- conda: https://conda.anaconda.org/conda-forge/linux-64/libgomp-15.2.0-he0feb66_19.conda
  sha256: 5abe4ab9d93f6c9757d654f1969ae2267d4505315c1f2f8fe705fd60af084f1b
  md5: faac990cb7aedc7f3a2224f2c9b0c26c
  depends:
  - __glibc >=2.17,<3.0.a0
  license: GPL-3.0-only WITH GCC-exception-3.1
  license_family: GPL
  purls: []
  size: 603817
  timestamp: 1778268942614
- conda: https://conda.anaconda.org/conda-forge/linux-64/liblzma-5.8.3-hb03c661_0.conda
  sha256: ec30e52a3c1bf7d0425380a189d209a52baa03f22fb66dd3eb587acaa765bd6d
  md5: b88d90cad08e6bc8ad540cb310a761fb
  depends:
  - __glibc >=2.17,<3.0.a0
  - libgcc >=14
  constrains:
  - xz 5.8.3.*
  license: 0BSD
  purls: []
  size: 113478
  timestamp: 1775825492909
- conda: https://conda.anaconda.org/conda-forge/linux-64/libmpdec-4.0.0-hb03c661_1.conda
  sha256: fe171ed5cf5959993d43ff72de7596e8ac2853e9021dec0344e583734f1e0843
  md5: 2c21e66f50753a083cbe6b80f38268fa
  depends:
  - __glibc >=2.17,<3.0.a0
  - libgcc >=14
  license: BSD-2-Clause
  license_family: BSD
  purls: []
  size: 92400
  timestamp: 1769482286018
- conda: https://conda.anaconda.org/conda-forge/linux-64/libpython-3.14.7-hdc7f604_106_cp314.conda
  build_number: 106
  sha256: 5f879892bd439c3d94f4a97b06c214b9a19c4b92f74d84f0305c6ca1b2b239b2
  md5: 28af2158bb8dbb62e55b0af3b44f9d4a
  depends:
  - __glibc >=2.17,<3.0.a0
  - libgcc >=15
  - libstdcxx >=15
  license: Python-2.0
  purls: []
  run_exports: {}
  size: 10520530
  timestamp: 1788383918299
- conda: https://conda.anaconda.org/conda-forge/linux-64/libsqlite-3.53.4-h0737f62_102.conda
  sha256: 0f6e60634de2b55da15772fe65485965fd9b61afcce0d749c1446f625babba30
  md5: 59ec6dc9fa87a6687c00969d4dcfcd97
  depends:
  - __glibc >=2.17,<3.0.a0
  - libgcc >=15
  - libzlib >=1.3.2,<2.0a0
  license: blessing
  purls: []
  run_exports:
    weak:
    - libsqlite >=3.53.4,<4.0a0
  size: 969522
  timestamp: 1791167270446
- conda: https://conda.anaconda.org/conda-forge/linux-64/libstdcxx-15.2.0-h934c35e_19.conda
  sha256: dff1058c76ec6b8759e41cefa2508162d00e4a5e6721aa68ec3fd10094e702dc
  md5: 5794b3bdc38177caf969dabd3af08549
  depends:
  - __glibc >=2.17,<3.0.a0
  - libgcc 15.2.0 he0feb66_19
  constrains:
  - libstdcxx-ng ==15.2.0=*_19
  license: GPL-3.0-only WITH GCC-exception-3.1
  license_family: GPL
  purls: []
  run_exports: {}
  size: 5852044
  timestamp: 1778269036376
- conda: https://conda.anaconda.org/conda-forge/linux-64/libuuid-2.42.4-hcfc3c73_0.conda
  sha256: f34b8d1de9a2bf62476d8608057d9b8a918d97444236dc53a47128f2fae79041
  md5: 54a948337e66706380ff24d6b5fde63f
  depends:
  - libgcc >=15
  - __glibc >=2.17,<3.0.a0
  license: BSD-3-Clause
  license_family: BSD
  purls: []
  run_exports:
    weak:
    - libuuid >=2.42.4,<3.0a0
  size: 34442
  timestamp: 1790121449161
- conda: https://conda.anaconda.org/conda-forge/linux-64/libzlib-1.3.2-h25fd6f3_2.conda
  sha256: 55044c403570f0dc26e6364de4dc5368e5f3fc7ff103e867c487e2b5ab2bcda9
  md5: d87ff7921124eccd67248aa483c23fec
  depends:
  - __glibc >=2.17,<3.0.a0
  constrains:
  - zlib 1.3.2 *_2
  license: Zlib
  license_family: Other
  purls: []
  size: 63629
  timestamp: 1774072609062
- conda: https://conda.anaconda.org/conda-forge/linux-64/mypy-2.4.0-py314hfe1a184_0.conda
  sha256: 83c3f948997ea2b0d4505c82249f6cb037ad954746c49cf05fbedbc2c71589fb
  md5: 3ce5fd409299cd3e0978c107e2d1772b
  depends:
  - ast-serialize >=0.11.2,<1.0.0
  - mypy_extensions >=1.0.0
  - pathspec >=1.0.0
  - python
  - python-librt >=0.16.0
  - typing_extensions >=4.14.0
  - psutil >=4.0
  - libgcc >=15
  - __glibc >=2.17,<3.0.a0
  - python_abi 3.14.* *_cp314
  license: MIT
  license_family: MIT
  purls:
  - pkg:pypi/mypy?source=compressed-mapping
  run_exports: {}
  size: 24047132
  timestamp: 1790965578260
- conda: https://conda.anaconda.org/conda-forge/linux-64/ncurses-6.6-hdb14827_0.conda
  sha256: fc89f74bbe362fb29fa3c037697a89bec140b346a2469a90f7936d1d7ea4d8a3
  md5: fc21868a1a5aacc937e7a18747acb8a5
  depends:
  - __glibc >=2.17,<3.0.a0
  - libgcc >=14
  license: X11 AND BSD-3-Clause
  purls: []
  size: 918956
  timestamp: 1777422145199
- conda: https://conda.anaconda.org/conda-forge/linux-64/openssl-3.6.2-h35e630c_0.conda
  sha256: c0ef482280e38c71a08ad6d71448194b719630345b0c9c60744a2010e8a8e0cb
  md5: da1b85b6a87e141f5140bb9924cecab0
  depends:
  - __glibc >=2.17,<3.0.a0
  - ca-certificates
  - libgcc >=14
  license: Apache-2.0
  license_family: Apache
  purls: []
  size: 3167099
  timestamp: 1775587756857
- conda: https://conda.anaconda.org/conda-forge/linux-64/psutil-7.2.2-py314hfe1a184_3.conda
  sha256: 38961e7991c6493dfd3768759731681e0e71895bb6c18a445ab05c2433b03a64
  md5: 23189243badc4f63a0f05c429aba161d
  depends:
  - python
  - libgcc >=15
  - __glibc >=2.17,<3.0.a0
  - python_abi 3.14.* *_cp314
  license: BSD-3-Clause
  license_family: BSD
  purls:
  - pkg:pypi/psutil?source=compressed-mapping
  run_exports: {}
  size: 231451
  timestamp: 1789682034946
- conda: https://conda.anaconda.org/conda-forge/linux-64/python-3.14.7-hcd007b5_106_cp314.conda
  build_number: 106
  sha256: 4cd05407d6b07d00fd5b6cc78bd2f60ae5e21f777eb26ead82be2e3751c610a1
  md5: 56ee91e118243e46bfc0c41e4030d354
  depends:
  - __glibc >=2.17,<3.0.a0
  - bzip2 >=1.0.8,<2.0a0
  - ld_impl_linux-64 >=2.36.1
  - libexpat >=2.8.1,<3.0a0
  - libffi >=3.7.0,<3.8.0a0
  - libgcc >=15
  - liblzma >=5.8.3,<6.0a0
  - libmpdec >=4.0.0,<5.0a0
  - libpython 3.14.7 hdc7f604_106_cp314
  - libsqlite >=3.53.4,<4.0a0
  - libuuid >=2.42.3,<3.0a0
  - libzlib >=1.3.2,<2.0a0
  - ncurses >=6.6,<7.0a0
  - openssl >=3.5.8,<4.0a0
  - python_abi 3.14.* *_cp314
  - readline >=8.3,<9.0a0
  - tk >=8.6.13,<8.7.0a0
  - tzdata
  - zstd >=1.5.7,<1.6.0a0
  license: Python-2.0
  purls: []
  run_exports:
    weak:
    - python_abi 3.14.* *_cp314
    noarch:
    - python
  size: 26484459
  timestamp: 1788383955577
  python_site_packages_path: lib/python3.14/site-packages
- conda: https://conda.anaconda.org/conda-forge/linux-64/python-librt-0.16.0-py314hfe1a184_0.conda
  sha256: 4437b43e18346e7eff660ced628ead4f7b6f9c46a3b815de201b66bc7e2d7988
  md5: 3b3bfe94aa82c3e8360faeb0e1743dc6
  depends:
  - python
  - libgcc >=15
  - __glibc >=2.17,<3.0.a0
  - python_abi 3.14.* *_cp314
  license: MIT
  license_family: MIT
  purls:
  - pkg:pypi/librt?source=compressed-mapping
  run_exports: {}
  size: 167820
  timestamp: 1790684473363
- conda: https://conda.anaconda.org/conda-forge/linux-64/readline-8.3-h853b02a_0.conda
  sha256: 12ffde5a6f958e285aa22c191ca01bbd3d6e710aa852e00618fa6ddc59149002
  md5: d7d95fc8287ea7bf33e0e7116d2b95ec
  depends:
  - __glibc >=2.17,<3.0.a0
  - libgcc >=14
  - ncurses >=6.5,<7.0a0
  license: GPL-3.0-only
  license_family: GPL
  purls: []
  size: 345073
  timestamp: 1765813471974
- conda: https://conda.anaconda.org/conda-forge/linux-64/ruff-0.16.10-hc0d6792_0.conda
  noarch: python
  sha256: 1801965a5f5821b74a52076ba5c6435ac6d9111d83c7e63049b6813875c75734
  md5: 6cb114e481362b28ea3004c7619aecfb
  depends:
  - python
  - libgcc >=15
  - __glibc >=2.17,<3.0.a0
  constrains:
  - __glibc >=2.17
  license: MIT
  license_family: MIT
  purls:
  - pkg:pypi/ruff?source=compressed-mapping
  run_exports: {}
  size: 8923644
  timestamp: 1790964529417
- conda: https://conda.anaconda.org/conda-forge/linux-64/tk-8.6.13-noxft_h366c992_103.conda
  sha256: cafeec44494f842ffeca27e9c8b0c27ed714f93ac77ddadc6aaf726b5554ebac
  md5: cffd3bdd58090148f4cfcd831f4b26ab
  depends:
  - __glibc >=2.17,<3.0.a0
  - libgcc >=14
  - libzlib >=1.3.1,<2.0a0
  constrains:
  - xorg-libx11 >=1.8.12,<2.0a0
  license: TCL
  license_family: BSD
  purls: []
  size: 3301196
  timestamp: 1769460227866
- conda: https://conda.anaconda.org/conda-forge/linux-64/zstd-1.5.7-hb78ec9c_6.conda
  sha256: 68f0206ca6e98fea941e5717cec780ed2873ffabc0e1ed34428c061e2c6268c7
  md5: 4a13eeac0b5c8e5b8ab496e6c4ddd829
  depends:
  - __glibc >=2.17,<3.0.a0
  - libzlib >=1.3.1,<2.0a0
  license: BSD-3-Clause
  license_family: BSD
  purls: []
  size: 601375
  timestamp: 1764777111296
- conda: https://conda.anaconda.org/conda-forge/noarch/_python_abi3_support-1.0-hd8ed1ab_3.conda
  sha256: 2a7204314663eeda5dec482a956f0e2eaf289bd5b9953eaaaad0e81aa64638f2
  md5: 3845f3d75991bae0fb90884662f4327c
  depends:
  - cpython
  - python-gil
  license: MIT
  license_family: MIT
  purls: []
  run_exports: {}
  size: 8144
  timestamp: 1784221492234
- conda: https://conda.anaconda.org/conda-forge/noarch/ca-certificates-2026.4.22-hbd8a1cb_0.conda
  sha256: c9dbcc8039a52023660d6d1bbf87594a93dd69c6ac5a2a44323af2c92976728d
  md5: e18ad67cf881dcadee8b8d9e2f8e5f73
  depends:
  - __unix
  license: ISC
  purls: []
  size: 131039
  timestamp: 1776865545798
- conda: https://conda.anaconda.org/conda-forge/noarch/colorama-0.4.6-pyhd8ed1ab_1.conda
  sha256: ab29d57dc70786c1269633ba3dff20288b81664d3ff8d21af995742e2bb03287
  md5: 962b9857ee8e7018c22f2776ffa0b2d7
  depends:
  - python >=3.9
  license: BSD-3-Clause
  license_family: BSD
  purls:
  - pkg:pypi/colorama?source=hash-mapping
  size: 27011
  timestamp: 1733218222191
- conda: https://conda.anaconda.org/conda-forge/noarch/cpython-3.14.7-py314hd8ed1ab_106.conda
  noarch: generic
  sha256: fd701880cf6f696420aa5b4b530dbdf0c83a16bdb50aeb760b3159eec5c416bf
  md5: 3b52b830ac00367685c08f98f50963bf
  depends:
  - python >=3.14,<3.15.0a0
  - python_abi * *_cp314
  license: Python-2.0
  purls: []
  run_exports: {}
  size: 51289
  timestamp: 1788383537525
- conda: https://conda.anaconda.org/conda-forge/noarch/exceptiongroup-1.3.1-pyhd8ed1ab_0.conda
  sha256: ee6cf346d017d954255bbcbdb424cddea4d14e4ed7e9813e429db1d795d01144
  md5: 8e662bd460bda79b1ea39194e3c4c9ab
  depends:
  - python >=3.10
  - typing_extensions >=4.6.0
  license: MIT and PSF-2.0
  purls:
  - pkg:pypi/exceptiongroup?source=hash-mapping
  size: 21333
  timestamp: 1763918099466
- conda: https://conda.anaconda.org/conda-forge/noarch/iniconfig-2.3.0-pyhd8ed1ab_0.conda
  sha256: e1a9e3b1c8fe62dc3932a616c284b5d8cbe3124bbfbedcf4ce5c828cb166ee19
  md5: 9614359868482abba1bd15ce465e3c42
  depends:
  - python >=3.10
  license: MIT
  license_family: MIT
  purls:
  - pkg:pypi/iniconfig?source=hash-mapping
  size: 13387
  timestamp: 1760831448842
- conda: https://conda.anaconda.org/conda-forge/noarch/mypy_extensions-1.1.0-pyha770c72_0.conda
  sha256: 6ed158e4e5dd8f6a10ad9e525631e35cee8557718f83de7a4e3966b1f772c4b1
  md5: e9c622e0d00fa24a6292279af3ab6d06
  depends:
  - python >=3.9
  license: MIT
  license_family: MIT
  purls:
  - pkg:pypi/mypy-extensions?source=hash-mapping
  size: 11766
  timestamp: 1745776666688
- conda: https://conda.anaconda.org/conda-forge/noarch/packaging-26.2-pyhc364b38_0.conda
  sha256: 3906abfb6511a3bb309e39b9b1b7bc38f50a723971de2395489fd1f379255890
  md5: 4c06a92e74452cfa53623a81592e8934
  depends:
  - python >=3.8
  - python
  license: Apache-2.0
  license_family: APACHE
  purls:
  - pkg:pypi/packaging?source=hash-mapping
  size: 91574
  timestamp: 1777103621679
- conda: https://conda.anaconda.org/conda-forge/noarch/pathspec-1.1.1-pyhd8ed1ab_0.conda
  sha256: 6eaee417d33f298db79bc7185ab1208604c0e6cf51dade34cd513c6f9db9c6f3
  md5: 11adc78451c998c0fd162584abfa3559
  depends:
  - python >=3.10
  license: MPL-2.0
  license_family: MOZILLA
  purls:
  - pkg:pypi/pathspec?source=hash-mapping
  size: 56559
  timestamp: 1777271601895
- conda: https://conda.anaconda.org/conda-forge/noarch/pluggy-1.6.0-pyhf9edf01_1.conda
  sha256: e14aafa63efa0528ca99ba568eaf506eb55a0371d12e6250aaaa61718d2eb62e
  md5: d7585b6550ad04c8c5e21097ada2888e
  depends:
  - python >=3.9
  - python
  license: MIT
  license_family: MIT
  purls:
  - pkg:pypi/pluggy?source=hash-mapping
  size: 25877
  timestamp: 1764896838868
- conda: https://conda.anaconda.org/conda-forge/noarch/pygments-2.20.0-pyhd8ed1ab_0.conda
  sha256: cf70b2f5ad9ae472b71235e5c8a736c9316df3705746de419b59d442e8348e86
  md5: 16c18772b340887160c79a6acc022db0
  depends:
  - python >=3.10
  license: BSD-2-Clause
  license_family: BSD
  purls:
  - pkg:pypi/pygments?source=hash-mapping
  size: 893031
  timestamp: 1774796815820
- conda: https://conda.anaconda.org/conda-forge/noarch/pytest-9.1.1-pyhc364b38_2.conda
  sha256: 430051d80765207a7d782b2b188230ba1489d35c6e75fd9903f76cb9fda4af16
  md5: 64c98a12c4e23eb238bf66bbecafdf3c
  depends:
  - colorama
  - pygments >=2.7.2
  - python >=3.10
  - iniconfig >=1.0.1
  - packaging >=22
  - pluggy >=1.5,<2
  - tomli >=1
  - exceptiongroup >=1
  - python
  constrains:
  - pytest-faulthandler >=2
  license: MIT
  license_family: MIT
  purls:
  - pkg:pypi/pytest?source=hash-mapping
  run_exports: {}
  size: 306724
  timestamp: 1782127176429
- conda: https://conda.anaconda.org/conda-forge/noarch/python-gil-3.14.7-h4df99d1_106.conda
  sha256: 801ef80bc9f9394d9b3b5cae5a90c33cbbc33004b3e93195b93af818aad8888b
  md5: b672ecb44198ade19ef249bf99f4b1ff
  depends:
  - cpython 3.14.7.*
  - python_abi * *_cp314
  license: Python-2.0
  purls: []
  run_exports: {}
  size: 51276
  timestamp: 1788383547342
- conda: https://conda.anaconda.org/conda-forge/noarch/python_abi-3.14-8_cp314.conda
  build_number: 8
  sha256: ad6d2e9ac39751cc0529dd1566a26751a0bf2542adb0c232533d32e176e21db5
  md5: 0539938c55b6b1a59b560e843ad864a4
  constrains:
  - python 3.14.* *_cp314
  license: BSD-3-Clause
  license_family: BSD
  purls: []
  size: 6989
  timestamp: 1752805904792
- conda: https://conda.anaconda.org/conda-forge/noarch/python_abi-3.14-9_cp314.conda
  build_number: 9
  sha256: e7f8e965bbfb98e08feb2365cacdad8bb218fa5b5a0a2752f747287f425f213c
  md5: 350d89b50d7de805abf2e63e29dee451
  constrains:
  - python 3.14.* *_cp314
  license: BSD-3-Clause
  license_family: BSD
  purls: []
  run_exports: {}
  size: 6791
  timestamp: 1788302824440
- conda: https://conda.anaconda.org/conda-forge/noarch/tomli-2.4.1-pyhcf101f3_0.conda
  sha256: 91cafdb64268e43e0e10d30bd1bef5af392e69f00edd34dfaf909f69ab2da6bd
  md5: b5325cf06a000c5b14970462ff5e4d58
  depends:
  - python >=3.10
  - python
  license: MIT
  license_family: MIT
  purls:
  - pkg:pypi/tomli?source=hash-mapping
  size: 21561
  timestamp: 1774492402955
- conda: https://conda.anaconda.org/conda-forge/noarch/typing_extensions-4.15.0-pyhcf101f3_0.conda
  sha256: 032271135bca55aeb156cee361c81350c6f3fb203f57d024d7e5a1fc9ef18731
  md5: 0caa1af407ecff61170c9437a808404d
  depends:
  - python >=3.10
  - python
  license: PSF-2.0
  license_family: PSF
  purls:
  - pkg:pypi/typing-extensions?source=hash-mapping
  size: 51692
  timestamp: 1756220668932
- conda: https://conda.anaconda.org/conda-forge/noarch/tzdata-2025c-hc9c84f9_1.conda
  sha256: 1d30098909076af33a35017eed6f2953af1c769e273a0626a04722ac4acaba3c
  md5: ad659d0a2b3e47e38d829aa8cad2d610
  license: LicenseRef-Public-Domain
  purls: []
  size: 119135
  timestamp: 1767016325805
- pypi: ./
  name: python-starter-project
  requires_python: ~=3.14.0
